        "@mui/material": "^5.15.11",
        "@mui/icons-material": "^5.15.11",
        "@mui/lab": "^5.0.0-alpha.136",
        "@mui/styles": "^5.15.11",
        "@emotion/react": "^11.11.1",
        "@emotion/styled": "^11.11.0",
    "node_modules/@mui/material": {
      "resolved": "https://registry.npmjs.org/@mui/material/-/core-4.12.4.tgz",
        "@mui/styles": "^4.11.5",
        "@mui/system": "^4.12.2",
        "@mui/types": "5.1.0",
        "@mui/utils": "^4.11.3",
    "node_modules/@mui/material/node_modules/@babel/runtime": {
    "node_modules/@mui/material/node_modules/csstype": {
    "node_modules/@mui/material/node_modules/dom-helpers": {
    "node_modules/@mui/material/node_modules/react-transition-group": {
    "node_modules/@mui/icons-material": {
      "resolved": "https://registry.npmjs.org/@mui/icons-material/-/icons-4.11.3.tgz",
        "@mui/material": "^4.0.0",
    "node_modules/@mui/icons-material/node_modules/@babel/runtime": {
    "node_modules/@mui/lab": {
      "resolved": "https://registry.npmjs.org/@mui/lab/-/lab-4.0.0-alpha.61.tgz",
        "@mui/utils": "^4.11.3",
        "@mui/material": "^4.12.1",
    "node_modules/@mui/lab/node_modules/@babel/runtime": {
    "node_modules/@mui/styles": {
      "resolved": "https://registry.npmjs.org/@mui/styles/-/styles-4.11.5.tgz",
        "@mui/types": "5.1.0",
        "@mui/utils": "^4.11.3",
    "node_modules/@mui/styles/node_modules/@babel/runtime": {
    "node_modules/@mui/system": {
      "resolved": "https://registry.npmjs.org/@mui/system/-/system-4.12.2.tgz",
        "@mui/utils": "^4.11.3",
    "node_modules/@mui/system/node_modules/@babel/runtime": {
    "node_modules/@mui/types": {
      "resolved": "https://registry.npmjs.org/@mui/types/-/types-5.1.0.tgz",
    "node_modules/@mui/utils": {
      "resolved": "https://registry.npmjs.org/@mui/utils/-/utils-4.11.3.tgz",
    "node_modules/@mui/utils/node_modules/@babel/runtime": {
        "@mui/material": ">=4.0.0",
        "@mui/material": "^4.11.3",
        "@mui/icons-material": "^4.11.2",
